{
  "name": "candid-concepts",
  "version": "1.0.0",
  "lockfileVersion": 2,
  "requires": true,
  "packages": {
    "": {
      "version": "1.0.0",
      "license": "ISC",
      "dependencies": {
        "@dfinity/principal": "^0.9.1"
      }
    },
    "node_modules/@dfinity/principal": {
      "version": "0.9.1",
      "resolved": "https://registry.npmjs.org/@dfinity/principal/-/principal-0.9.1.tgz",
      "integrity": "sha512-PWDvGPbSGMotxJhXEvttbwsSyn6gpEqqHVF957LqAqrDwGvWPLvfddJElSIikrook/U49HmtJslE7opWrjvRkA=="
    }
  },
  "dependencies": {
    "@dfinity/principal": {
      "version": "0.9.1",
      "resolved": "https://registry.npmjs.org/@dfinity/principal/-/principal-0.9.1.tgz",
      "integrity": "sha512-PWDvGPbSGMotxJhXEvttbwsSyn6gpEqqHVF957LqAqrDwGvWPLvfddJElSIikrook/U49HmtJslE7opWrjvRkA=="
    }
  }
}
